
Microsoft Visual Studio Solution File, Format Version 12.00
# Visual Studio Version 17
VisualStudioVersion = 17.13.35931.197
MinimumVisualStudioVersion = 10.0.40219.1
Project("{2150E333-8FDC-42A3-9474-1A3956D46DE8}") = "BackendServices", "BackendServices", "{02EA681E-C7D8-13C7-8484-4AC65E1B71E8}"
EndProject
Project("{2150E333-8FDC-42A3-9474-1A3956D46DE8}") = "FrontendServices", "FrontendServices", "{6F49E894-4240-4289-8BEF-49795D8CEB14}"
EndProject
Project("{2150E333-8FDC-42A3-9474-1A3956D46DE8}") = "ApiGateways", "ApiGateways", "{ECF163A4-4A14-4235-ADB3-FB2C62465CB8}"
EndProject
Project("{2150E333-8FDC-42A3-9474-1A3956D46DE8}") = "CatalogService", "CatalogService", "{3E57AFE4-4557-4A2E-AE62-7EDC8354746F}"
EndProject
Project("{FAE04EC0-301F-11D3-BF4B-00C04F79EFBC}") = "CatalogService.Domain", "BackendServices\CatalogService\CatalogService.Domain\CatalogService.Domain.csproj", "{5F18C444-F3A4-4D1E-B35E-049DAA60003D}"
EndProject
Project("{FAE04EC0-301F-11D3-BF4B-00C04F79EFBC}") = "CatalogService.Application", "BackendServices\CatalogService\CatalogService.Application\CatalogService.Application.csproj", "{C4B75B6D-D246-44E3-A955-FAD05CC03B85}"
EndProject
Project("{FAE04EC0-301F-11D3-BF4B-00C04F79EFBC}") = "CatalogService.Infrastructure", "BackendServices\CatalogService\CatalogService.Infrastructure\CatalogService.Infrastructure.csproj", "{63B97CCE-D8F8-4385-ABEF-23792BB3EEF5}"
EndProject
Project("{FAE04EC0-301F-11D3-BF4B-00C04F79EFBC}") = "CatalogService.API", "BackendServices\CatalogService\CatalogService.API\CatalogService.API.csproj", "{CB5E92F4-0821-4681-A577-5F2C4DC6D1A0}"
EndProject
Project("{FAE04EC0-301F-11D3-BF4B-00C04F79EFBC}") = "OcelotApiGateway", "ApiGateways\OcelotApiGateway\OcelotApiGateway.csproj", "{99B822BA-06BB-46CF-B5FC-B17A95EF6DEF}"
EndProject
Project("{FAE04EC0-301F-11D3-BF4B-00C04F79EFBC}") = "eShopFlix.Web", "FrontendServices\eShopFlix.Web\eShopFlix.Web.csproj", "{5E8E1714-3EBD-45AD-BB7A-839484202F0D}"
EndProject
Project("{FAE04EC0-301F-11D3-BF4B-00C04F79EFBC}") = "eShopFlix.Support", "FrontendServices\eShopFlix.Support\eShopFlix.Support.csproj", "{F198B191-A807-41D2-9FEE-0F7219C36FB0}"
EndProject
Project("{2150E333-8FDC-42A3-9474-1A3956D46DE8}") = "AuthService", "AuthService", "{5A55CD56-53DC-4D29-9426-532FC794CB0F}"
EndProject
Project("{FAE04EC0-301F-11D3-BF4B-00C04F79EFBC}") = "AuthService.API", "BackendServices\AuthService\AuthService.API\AuthService.API.csproj", "{410165FD-6558-4B60-BBEB-D7A294D50DAB}"
EndProject
Project("{FAE04EC0-301F-11D3-BF4B-00C04F79EFBC}") = "AuthService.Domain", "BackendServices\AuthService\AuthService.Domain\AuthService.Domain.csproj", "{70664C57-4B2E-46CC-AFAF-5A3362D05E6F}"
EndProject
Project("{FAE04EC0-301F-11D3-BF4B-00C04F79EFBC}") = "AuthService.Application", "BackendServices\AuthService\AuthService.Application\AuthService.Application.csproj", "{913D72E9-06C6-4626-89E1-6FD298F90006}"
EndProject
Project("{FAE04EC0-301F-11D3-BF4B-00C04F79EFBC}") = "AuthService.Infrastructure", "BackendServices\AuthService\AuthService.Infrastructure\AuthService.Infrastructure.csproj", "{24321077-D5F9-4E9E-9A0B-37569B3F4741}"
EndProject
Project("{2150E333-8FDC-42A3-9474-1A3956D46DE8}") = "CartService", "CartService", "{78B55EF2-9A81-4555-848D-08B236618142}"
EndProject
Project("{FAE04EC0-301F-11D3-BF4B-00C04F79EFBC}") = "CartService.Application", "BackendServices\CartService\CartService.Application\CartService.Application.csproj", "{F23BD6D6-2353-4095-B002-6055D1710B5B}"
EndProject
Project("{FAE04EC0-301F-11D3-BF4B-00C04F79EFBC}") = "CartService.Domain", "BackendServices\CartService\CartService.Domain\CartService.Domain.csproj", "{8206E8FF-1F5D-416C-8D54-B452FF6E7F35}"
EndProject
Project("{FAE04EC0-301F-11D3-BF4B-00C04F79EFBC}") = "CartService.Infrastructure", "BackendServices\CartService\CartService.Infrastructure\CartService.Infrastructure.csproj", "{31D8F8B2-2391-4103-8538-E65F576484D2}"
EndProject
Project("{FAE04EC0-301F-11D3-BF4B-00C04F79EFBC}") = "CartService.API", "BackendServices\CartService\CartService.API\CartService.API.csproj", "{3C7A359C-9698-4584-BE48-65C208D0FF7F}"
EndProject
Project("{2150E333-8FDC-42A3-9474-1A3956D46DE8}") = "PaymentService", "PaymentService", "{D836A989-1303-41E1-AA4E-791EB9F4F403}"
EndProject
Project("{FAE04EC0-301F-11D3-BF4B-00C04F79EFBC}") = "PaymentService.Application", "BackendServices\PaymentService\PaymentService.Application\PaymentService.Application.csproj", "{48D08047-BE3D-4DBC-8644-9D9E98E8BF63}"
EndProject
Project("{FAE04EC0-301F-11D3-BF4B-00C04F79EFBC}") = "PaymentService.Domain", "BackendServices\PaymentService\PaymentService.Domain\PaymentService.Domain.csproj", "{81DB9ABE-6AF4-41BF-B4FA-6676AD0C8A63}"
EndProject
Project("{FAE04EC0-301F-11D3-BF4B-00C04F79EFBC}") = "PaymentService.Infrastructure", "BackendServices\PaymentService\PaymentService.Infrastructure\PaymentService.Infrastructure.csproj", "{502B8943-E61A-4CF5-93E6-79B57A718932}"
EndProject
Project("{FAE04EC0-301F-11D3-BF4B-00C04F79EFBC}") = "PaymentService.API", "BackendServices\PaymentService\PaymentService.API\PaymentService.API.csproj", "{5EF052B6-5C4C-450B-9183-647C4C83E6E9}"
EndProject
Project("{2150E333-8FDC-42A3-9474-1A3956D46DE8}") = "StockService", "StockService", "{DE373AF0-A224-4C0F-91A0-E8264F3D9B3F}"
EndProject
Project("{FAE04EC0-301F-11D3-BF4B-00C04F79EFBC}") = "StockService.API", "BackendServices\StockService\StockService.API\StockService.API.csproj", "{2A6150CA-3098-4353-8BBC-1B60A21737A1}"
EndProject
Project("{2150E333-8FDC-42A3-9474-1A3956D46DE8}") = "OrderService", "OrderService", "{5EBD6473-1274-4291-B023-4CFC6884E885}"
EndProject
Project("{FAE04EC0-301F-11D3-BF4B-00C04F79EFBC}") = "OrderService.Domain", "BackendServices\OrderService\OrderService.Domain\OrderService.Domain.csproj", "{29332FC8-AA0C-4192-9674-C769184C3F06}"
EndProject
Project("{FAE04EC0-301F-11D3-BF4B-00C04F79EFBC}") = "OrderService.Infrastructure", "BackendServices\OrderService\OrderService.Infrastructure\OrderService.Infrastructure.csproj", "{D64AA8CD-9E0C-4441-AC17-23398E33DEB0}"
EndProject
Project("{FAE04EC0-301F-11D3-BF4B-00C04F79EFBC}") = "OrderService.Application", "BackendServices\OrderService\OrderService.Application\OrderService.Application.csproj", "{48B3215C-4E1A-4411-A5EA-FC9CD72A10F7}"
EndProject
Project("{FAE04EC0-301F-11D3-BF4B-00C04F79EFBC}") = "OrderService.API", "BackendServices\OrderService\OrderService.API\OrderService.API.csproj", "{B2726174-40BC-4AC1-B1AE-EA87531341B3}"
EndProject
Project("{FAE04EC0-301F-11D3-BF4B-00C04F79EFBC}") = "StockService.Domain", "BackendServices\StockService\StockService.Domain\StockService.Domain.csproj", "{078FF100-34EA-443F-B2D8-A226A769306E}"
EndProject
Project("{FAE04EC0-301F-11D3-BF4B-00C04F79EFBC}") = "StockService.Infrastructure", "BackendServices\StockService\StockService.Infrastructure\StockService.Infrastructure.csproj", "{FA9495E6-2A1E-4466-AD1E-B63BC6D7258E}"
EndProject
Project("{FAE04EC0-301F-11D3-BF4B-00C04F79EFBC}") = "StockService.Application", "BackendServices\StockService\StockService.Application\StockService.Application.csproj", "{496743BA-727B-4342-85A6-F2E7E3B33465}"
EndProject
Global
	GlobalSection(SolutionConfigurationPlatforms) = preSolution
		Debug|Any CPU = Debug|Any CPU
		Release|Any CPU = Release|Any CPU
	EndGlobalSection
	GlobalSection(ProjectConfigurationPlatforms) = postSolution
		{5F18C444-F3A4-4D1E-B35E-049DAA60003D}.Debug|Any CPU.ActiveCfg = Debug|Any CPU
		{5F18C444-F3A4-4D1E-B35E-049DAA60003D}.Debug|Any CPU.Build.0 = Debug|Any CPU
		{5F18C444-F3A4-4D1E-B35E-049DAA60003D}.Release|Any CPU.ActiveCfg = Release|Any CPU
		{5F18C444-F3A4-4D1E-B35E-049DAA60003D}.Release|Any CPU.Build.0 = Release|Any CPU
		{C4B75B6D-D246-44E3-A955-FAD05CC03B85}.Debug|Any CPU.ActiveCfg = Debug|Any CPU
		{C4B75B6D-D246-44E3-A955-FAD05CC03B85}.Debug|Any CPU.Build.0 = Debug|Any CPU
		{C4B75B6D-D246-44E3-A955-FAD05CC03B85}.Release|Any CPU.ActiveCfg = Release|Any CPU
		{C4B75B6D-D246-44E3-A955-FAD05CC03B85}.Release|Any CPU.Build.0 = Release|Any CPU
		{63B97CCE-D8F8-4385-ABEF-23792BB3EEF5}.Debug|Any CPU.ActiveCfg = Debug|Any CPU
		{63B97CCE-D8F8-4385-ABEF-23792BB3EEF5}.Debug|Any CPU.Build.0 = Debug|Any CPU
		{63B97CCE-D8F8-4385-ABEF-23792BB3EEF5}.Release|Any CPU.ActiveCfg = Release|Any CPU
		{63B97CCE-D8F8-4385-ABEF-23792BB3EEF5}.Release|Any CPU.Build.0 = Release|Any CPU
		{CB5E92F4-0821-4681-A577-5F2C4DC6D1A0}.Debug|Any CPU.ActiveCfg = Debug|Any CPU
		{CB5E92F4-0821-4681-A577-5F2C4DC6D1A0}.Debug|Any CPU.Build.0 = Debug|Any CPU
		{CB5E92F4-0821-4681-A577-5F2C4DC6D1A0}.Release|Any CPU.ActiveCfg = Release|Any CPU
		{CB5E92F4-0821-4681-A577-5F2C4DC6D1A0}.Release|Any CPU.Build.0 = Release|Any CPU
		{99B822BA-06BB-46CF-B5FC-B17A95EF6DEF}.Debug|Any CPU.ActiveCfg = Debug|Any CPU
		{99B822BA-06BB-46CF-B5FC-B17A95EF6DEF}.Debug|Any CPU.Build.0 = Debug|Any CPU
		{99B822BA-06BB-46CF-B5FC-B17A95EF6DEF}.Release|Any CPU.ActiveCfg = Release|Any CPU
		{99B822BA-06BB-46CF-B5FC-B17A95EF6DEF}.Release|Any CPU.Build.0 = Release|Any CPU
		{5E8E1714-3EBD-45AD-BB7A-839484202F0D}.Debug|Any CPU.ActiveCfg = Debug|Any CPU
		{5E8E1714-3EBD-45AD-BB7A-839484202F0D}.Debug|Any CPU.Build.0 = Debug|Any CPU
		{5E8E1714-3EBD-45AD-BB7A-839484202F0D}.Release|Any CPU.ActiveCfg = Release|Any CPU
		{5E8E1714-3EBD-45AD-BB7A-839484202F0D}.Release|Any CPU.Build.0 = Release|Any CPU
		{F198B191-A807-41D2-9FEE-0F7219C36FB0}.Debug|Any CPU.ActiveCfg = Debug|Any CPU
		{F198B191-A807-41D2-9FEE-0F7219C36FB0}.Debug|Any CPU.Build.0 = Debug|Any CPU
		{F198B191-A807-41D2-9FEE-0F7219C36FB0}.Release|Any CPU.ActiveCfg = Release|Any CPU
		{F198B191-A807-41D2-9FEE-0F7219C36FB0}.Release|Any CPU.Build.0 = Release|Any CPU
		{410165FD-6558-4B60-BBEB-D7A294D50DAB}.Debug|Any CPU.ActiveCfg = Debug|Any CPU
		{410165FD-6558-4B60-BBEB-D7A294D50DAB}.Debug|Any CPU.Build.0 = Debug|Any CPU
		{410165FD-6558-4B60-BBEB-D7A294D50DAB}.Release|Any CPU.ActiveCfg = Release|Any CPU
		{410165FD-6558-4B60-BBEB-D7A294D50DAB}.Release|Any CPU.Build.0 = Release|Any CPU
		{70664C57-4B2E-46CC-AFAF-5A3362D05E6F}.Debug|Any CPU.ActiveCfg = Debug|Any CPU
		{70664C57-4B2E-46CC-AFAF-5A3362D05E6F}.Debug|Any CPU.Build.0 = Debug|Any CPU
		{70664C57-4B2E-46CC-AFAF-5A3362D05E6F}.Release|Any CPU.ActiveCfg = Release|Any CPU
		{70664C57-4B2E-46CC-AFAF-5A3362D05E6F}.Release|Any CPU.Build.0 = Release|Any CPU
		{913D72E9-06C6-4626-89E1-6FD298F90006}.Debug|Any CPU.ActiveCfg = Debug|Any CPU
		{913D72E9-06C6-4626-89E1-6FD298F90006}.Debug|Any CPU.Build.0 = Debug|Any CPU
		{913D72E9-06C6-4626-89E1-6FD298F90006}.Release|Any CPU.ActiveCfg = Release|Any CPU
		{913D72E9-06C6-4626-89E1-6FD298F90006}.Release|Any CPU.Build.0 = Release|Any CPU
		{24321077-D5F9-4E9E-9A0B-37569B3F4741}.Debug|Any CPU.ActiveCfg = Debug|Any CPU
		{24321077-D5F9-4E9E-9A0B-37569B3F4741}.Debug|Any CPU.Build.0 = Debug|Any CPU
		{24321077-D5F9-4E9E-9A0B-37569B3F4741}.Release|Any CPU.ActiveCfg = Release|Any CPU
		{24321077-D5F9-4E9E-9A0B-37569B3F4741}.Release|Any CPU.Build.0 = Release|Any CPU
		{F23BD6D6-2353-4095-B002-6055D1710B5B}.Debug|Any CPU.ActiveCfg = Debug|Any CPU
		{F23BD6D6-2353-4095-B002-6055D1710B5B}.Debug|Any CPU.Build.0 = Debug|Any CPU
		{F23BD6D6-2353-4095-B002-6055D1710B5B}.Release|Any CPU.ActiveCfg = Release|Any CPU
		{F23BD6D6-2353-4095-B002-6055D1710B5B}.Release|Any CPU.Build.0 = Release|Any CPU
		{8206E8FF-1F5D-416C-8D54-B452FF6E7F35}.Debug|Any CPU.ActiveCfg = Debug|Any CPU
		{8206E8FF-1F5D-416C-8D54-B452FF6E7F35}.Debug|Any CPU.Build.0 = Debug|Any CPU
		{8206E8FF-1F5D-416C-8D54-B452FF6E7F35}.Release|Any CPU.ActiveCfg = Release|Any CPU
		{8206E8FF-1F5D-416C-8D54-B452FF6E7F35}.Release|Any CPU.Build.0 = Release|Any CPU
		{31D8F8B2-2391-4103-8538-E65F576484D2}.Debug|Any CPU.ActiveCfg = Debug|Any CPU
		{31D8F8B2-2391-4103-8538-E65F576484D2}.Debug|Any CPU.Build.0 = Debug|Any CPU
		{31D8F8B2-2391-4103-8538-E65F576484D2}.Release|Any CPU.ActiveCfg = Release|Any CPU
		{31D8F8B2-2391-4103-8538-E65F576484D2}.Release|Any CPU.Build.0 = Release|Any CPU
		{3C7A359C-9698-4584-BE48-65C208D0FF7F}.Debug|Any CPU.ActiveCfg = Debug|Any CPU
		{3C7A359C-9698-4584-BE48-65C208D0FF7F}.Debug|Any CPU.Build.0 = Debug|Any CPU
		{3C7A359C-9698-4584-BE48-65C208D0FF7F}.Release|Any CPU.ActiveCfg = Release|Any CPU
		{3C7A359C-9698-4584-BE48-65C208D0FF7F}.Release|Any CPU.Build.0 = Release|Any CPU
		{48D08047-BE3D-4DBC-8644-9D9E98E8BF63}.Debug|Any CPU.ActiveCfg = Debug|Any CPU
		{48D08047-BE3D-4DBC-8644-9D9E98E8BF63}.Debug|Any CPU.Build.0 = Debug|Any CPU
		{48D08047-BE3D-4DBC-8644-9D9E98E8BF63}.Release|Any CPU.ActiveCfg = Release|Any CPU
		{48D08047-BE3D-4DBC-8644-9D9E98E8BF63}.Release|Any CPU.Build.0 = Release|Any CPU
		{81DB9ABE-6AF4-41BF-B4FA-6676AD0C8A63}.Debug|Any CPU.ActiveCfg = Debug|Any CPU
		{81DB9ABE-6AF4-41BF-B4FA-6676AD0C8A63}.Debug|Any CPU.Build.0 = Debug|Any CPU
		{81DB9ABE-6AF4-41BF-B4FA-6676AD0C8A63}.Release|Any CPU.ActiveCfg = Release|Any CPU
		{81DB9ABE-6AF4-41BF-B4FA-6676AD0C8A63}.Release|Any CPU.Build.0 = Release|Any CPU
		{502B8943-E61A-4CF5-93E6-79B57A718932}.Debug|Any CPU.ActiveCfg = Debug|Any CPU
		{502B8943-E61A-4CF5-93E6-79B57A718932}.Debug|Any CPU.Build.0 = Debug|Any CPU
		{502B8943-E61A-4CF5-93E6-79B57A718932}.Release|Any CPU.ActiveCfg = Release|Any CPU
		{502B8943-E61A-4CF5-93E6-79B57A718932}.Release|Any CPU.Build.0 = Release|Any CPU
		{5EF052B6-5C4C-450B-9183-647C4C83E6E9}.Debug|Any CPU.ActiveCfg = Debug|Any CPU
		{5EF052B6-5C4C-450B-9183-647C4C83E6E9}.Debug|Any CPU.Build.0 = Debug|Any CPU
		{5EF052B6-5C4C-450B-9183-647C4C83E6E9}.Release|Any CPU.ActiveCfg = Release|Any CPU
		{5EF052B6-5C4C-450B-9183-647C4C83E6E9}.Release|Any CPU.Build.0 = Release|Any CPU
		{2A6150CA-3098-4353-8BBC-1B60A21737A1}.Debug|Any CPU.ActiveCfg = Debug|Any CPU
		{2A6150CA-3098-4353-8BBC-1B60A21737A1}.Debug|Any CPU.Build.0 = Debug|Any CPU
		{2A6150CA-3098-4353-8BBC-1B60A21737A1}.Release|Any CPU.ActiveCfg = Release|Any CPU
		{2A6150CA-3098-4353-8BBC-1B60A21737A1}.Release|Any CPU.Build.0 = Release|Any CPU
		{29332FC8-AA0C-4192-9674-C769184C3F06}.Debug|Any CPU.ActiveCfg = Debug|Any CPU
		{29332FC8-AA0C-4192-9674-C769184C3F06}.Debug|Any CPU.Build.0 = Debug|Any CPU
		{29332FC8-AA0C-4192-9674-C769184C3F06}.Release|Any CPU.ActiveCfg = Release|Any CPU
		{29332FC8-AA0C-4192-9674-C769184C3F06}.Release|Any CPU.Build.0 = Release|Any CPU
		{D64AA8CD-9E0C-4441-AC17-23398E33DEB0}.Debug|Any CPU.ActiveCfg = Debug|Any CPU
		{D64AA8CD-9E0C-4441-AC17-23398E33DEB0}.Debug|Any CPU.Build.0 = Debug|Any CPU
		{D64AA8CD-9E0C-4441-AC17-23398E33DEB0}.Release|Any CPU.ActiveCfg = Release|Any CPU
		{D64AA8CD-9E0C-4441-AC17-23398E33DEB0}.Release|Any CPU.Build.0 = Release|Any CPU
		{48B3215C-4E1A-4411-A5EA-FC9CD72A10F7}.Debug|Any CPU.ActiveCfg = Debug|Any CPU
		{48B3215C-4E1A-4411-A5EA-FC9CD72A10F7}.Debug|Any CPU.Build.0 = Debug|Any CPU
		{48B3215C-4E1A-4411-A5EA-FC9CD72A10F7}.Release|Any CPU.ActiveCfg = Release|Any CPU
		{48B3215C-4E1A-4411-A5EA-FC9CD72A10F7}.Release|Any CPU.Build.0 = Release|Any CPU
		{B2726174-40BC-4AC1-B1AE-EA87531341B3}.Debug|Any CPU.ActiveCfg = Debug|Any CPU
		{B2726174-40BC-4AC1-B1AE-EA87531341B3}.Debug|Any CPU.Build.0 = Debug|Any CPU
		{B2726174-40BC-4AC1-B1AE-EA87531341B3}.Release|Any CPU.ActiveCfg = Release|Any CPU
		{B2726174-40BC-4AC1-B1AE-EA87531341B3}.Release|Any CPU.Build.0 = Release|Any CPU
		{078FF100-34EA-443F-B2D8-A226A769306E}.Debug|Any CPU.ActiveCfg = Debug|Any CPU
		{078FF100-34EA-443F-B2D8-A226A769306E}.Debug|Any CPU.Build.0 = Debug|Any CPU
		{078FF100-34EA-443F-B2D8-A226A769306E}.Release|Any CPU.ActiveCfg = Release|Any CPU
		{078FF100-34EA-443F-B2D8-A226A769306E}.Release|Any CPU.Build.0 = Release|Any CPU
		{FA9495E6-2A1E-4466-AD1E-B63BC6D7258E}.Debug|Any CPU.ActiveCfg = Debug|Any CPU
		{FA9495E6-2A1E-4466-AD1E-B63BC6D7258E}.Debug|Any CPU.Build.0 = Debug|Any CPU
		{FA9495E6-2A1E-4466-AD1E-B63BC6D7258E}.Release|Any CPU.ActiveCfg = Release|Any CPU
		{FA9495E6-2A1E-4466-AD1E-B63BC6D7258E}.Release|Any CPU.Build.0 = Release|Any CPU
		{496743BA-727B-4342-85A6-F2E7E3B33465}.Debug|Any CPU.ActiveCfg = Debug|Any CPU
		{496743BA-727B-4342-85A6-F2E7E3B33465}.Debug|Any CPU.Build.0 = Debug|Any CPU
		{496743BA-727B-4342-85A6-F2E7E3B33465}.Release|Any CPU.ActiveCfg = Release|Any CPU
		{496743BA-727B-4342-85A6-F2E7E3B33465}.Release|Any CPU.Build.0 = Release|Any CPU
	EndGlobalSection
	GlobalSection(SolutionProperties) = preSolution
		HideSolutionNode = FALSE
	EndGlobalSection
	GlobalSection(NestedProjects) = preSolution
		{3E57AFE4-4557-4A2E-AE62-7EDC8354746F} = {02EA681E-C7D8-13C7-8484-4AC65E1B71E8}
		{5F18C444-F3A4-4D1E-B35E-049DAA60003D} = {3E57AFE4-4557-4A2E-AE62-7EDC8354746F}
		{C4B75B6D-D246-44E3-A955-FAD05CC03B85} = {3E57AFE4-4557-4A2E-AE62-7EDC8354746F}
		{63B97CCE-D8F8-4385-ABEF-23792BB3EEF5} = {3E57AFE4-4557-4A2E-AE62-7EDC8354746F}
		{CB5E92F4-0821-4681-A577-5F2C4DC6D1A0} = {3E57AFE4-4557-4A2E-AE62-7EDC8354746F}
		{99B822BA-06BB-46CF-B5FC-B17A95EF6DEF} = {ECF163A4-4A14-4235-ADB3-FB2C62465CB8}
		{5E8E1714-3EBD-45AD-BB7A-839484202F0D} = {6F49E894-4240-4289-8BEF-49795D8CEB14}
		{F198B191-A807-41D2-9FEE-0F7219C36FB0} = {6F49E894-4240-4289-8BEF-49795D8CEB14}
		{5A55CD56-53DC-4D29-9426-532FC794CB0F} = {02EA681E-C7D8-13C7-8484-4AC65E1B71E8}
		{410165FD-6558-4B60-BBEB-D7A294D50DAB} = {5A55CD56-53DC-4D29-9426-532FC794CB0F}
		{70664C57-4B2E-46CC-AFAF-5A3362D05E6F} = {5A55CD56-53DC-4D29-9426-532FC794CB0F}
		{913D72E9-06C6-4626-89E1-6FD298F90006} = {5A55CD56-53DC-4D29-9426-532FC794CB0F}
		{24321077-D5F9-4E9E-9A0B-37569B3F4741} = {5A55CD56-53DC-4D29-9426-532FC794CB0F}
		{78B55EF2-9A81-4555-848D-08B236618142} = {02EA681E-C7D8-13C7-8484-4AC65E1B71E8}
		{F23BD6D6-2353-4095-B002-6055D1710B5B} = {78B55EF2-9A81-4555-848D-08B236618142}
		{8206E8FF-1F5D-416C-8D54-B452FF6E7F35} = {78B55EF2-9A81-4555-848D-08B236618142}
		{31D8F8B2-2391-4103-8538-E65F576484D2} = {78B55EF2-9A81-4555-848D-08B236618142}
		{3C7A359C-9698-4584-BE48-65C208D0FF7F} = {78B55EF2-9A81-4555-848D-08B236618142}
		{D836A989-1303-41E1-AA4E-791EB9F4F403} = {02EA681E-C7D8-13C7-8484-4AC65E1B71E8}
		{48D08047-BE3D-4DBC-8644-9D9E98E8BF63} = {D836A989-1303-41E1-AA4E-791EB9F4F403}
		{81DB9ABE-6AF4-41BF-B4FA-6676AD0C8A63} = {D836A989-1303-41E1-AA4E-791EB9F4F403}
		{502B8943-E61A-4CF5-93E6-79B57A718932} = {D836A989-1303-41E1-AA4E-791EB9F4F403}
		{5EF052B6-5C4C-450B-9183-647C4C83E6E9} = {D836A989-1303-41E1-AA4E-791EB9F4F403}
		{DE373AF0-A224-4C0F-91A0-E8264F3D9B3F} = {02EA681E-C7D8-13C7-8484-4AC65E1B71E8}
		{2A6150CA-3098-4353-8BBC-1B60A21737A1} = {DE373AF0-A224-4C0F-91A0-E8264F3D9B3F}
		{5EBD6473-1274-4291-B023-4CFC6884E885} = {02EA681E-C7D8-13C7-8484-4AC65E1B71E8}
		{29332FC8-AA0C-4192-9674-C769184C3F06} = {5EBD6473-1274-4291-B023-4CFC6884E885}
		{D64AA8CD-9E0C-4441-AC17-23398E33DEB0} = {5EBD6473-1274-4291-B023-4CFC6884E885}
		{48B3215C-4E1A-4411-A5EA-FC9CD72A10F7} = {5EBD6473-1274-4291-B023-4CFC6884E885}
		{B2726174-40BC-4AC1-B1AE-EA87531341B3} = {5EBD6473-1274-4291-B023-4CFC6884E885}
		{078FF100-34EA-443F-B2D8-A226A769306E} = {DE373AF0-A224-4C0F-91A0-E8264F3D9B3F}
		{FA9495E6-2A1E-4466-AD1E-B63BC6D7258E} = {DE373AF0-A224-4C0F-91A0-E8264F3D9B3F}
		{496743BA-727B-4342-85A6-F2E7E3B33465} = {DE373AF0-A224-4C0F-91A0-E8264F3D9B3F}
	EndGlobalSection
	GlobalSection(ExtensibilityGlobals) = postSolution
		SolutionGuid = {17A68C73-C42C-43A6-B001-8F550A39D551}
	EndGlobalSection
EndGlobal
